// !$*UTF8*$!
{
	archiveVersion = 1;
	classes = {
	};
	objectVersion = 55;
	objects = {

/* Begin PBXBuildFile section */
		A51CBC9C278ABF8B007E44F9 /* ToolbarTextField.swift in Sources */ = {isa = PBXBuildFile; fileRef = A51CBC9B278ABF8B007E44F9 /* ToolbarTextField.swift */; };
		A51CBCA0278AD406007E44F9 /* DatePickerField.swift in Sources */ = {isa = PBXBuildFile; fileRef = A51CBC9F278AD406007E44F9 /* DatePickerField.swift */; };
		A51CBCA2278ADE17007E44F9 /* ColorSelectorView.swift in Sources */ = {isa = PBXBuildFile; fileRef = A51CBCA1278ADE17007E44F9 /* ColorSelectorView.swift */; };
		A51CBCA5278ADE38007E44F9 /* ColorSelectorViewController.swift in Sources */ = {isa = PBXBuildFile; fileRef = A51CBCA4278ADE38007E44F9 /* ColorSelectorViewController.swift */; };
		A51CBCA7278ADF0D007E44F9 /* ColorSelectableAction.swift in Sources */ = {isa = PBXBuildFile; fileRef = A51CBCA6278ADF0D007E44F9 /* ColorSelectableAction.swift */; };
		A51CBCA9278B1D8A007E44F9 /* ColorSelectorViewModel.swift in Sources */ = {isa = PBXBuildFile; fileRef = A51CBCA8278B1D8A007E44F9 /* ColorSelectorViewModel.swift */; };
		A51CBCAB278B1EEC007E44F9 /* ColorSelectorAction.swift in Sources */ = {isa = PBXBuildFile; fileRef = A51CBCAA278B1EEC007E44F9 /* ColorSelectorAction.swift */; };
		A51CBCAD278B2ABE007E44F9 /* ColorCell.swift in Sources */ = {isa = PBXBuildFile; fileRef = A51CBCAC278B2ABE007E44F9 /* ColorCell.swift */; };
		A52620BC27856B2F008B4C6B /* DateCell.swift in Sources */ = {isa = PBXBuildFile; fileRef = A52620BB27856B2F008B4C6B /* DateCell.swift */; };
		A52682C327880CE900009127 /* AddPlanViewController.swift in Sources */ = {isa = PBXBuildFile; fileRef = A52682C227880CE900009127 /* AddPlanViewController.swift */; };
		A52682C727880D6E00009127 /* AddPlanView.swift in Sources */ = {isa = PBXBuildFile; fileRef = A52682C627880D6E00009127 /* AddPlanView.swift */; };
		A52682CB27880E0000009127 /* AddPlanViewModel.swift in Sources */ = {isa = PBXBuildFile; fileRef = A52682CA27880E0000009127 /* AddPlanViewModel.swift */; };
		A52950C3277DD81B00334C56 /* PlanDto.swift in Sources */ = {isa = PBXBuildFile; fileRef = A52950C2277DD81B00334C56 /* PlanDto.swift */; };
		A52950C6277DDB6500334C56 /* PlanDtoMapper.swift in Sources */ = {isa = PBXBuildFile; fileRef = A52950C5277DDB6500334C56 /* PlanDtoMapper.swift */; };
		A52950C8277DDB6D00334C56 /* DtoMapper.swift in Sources */ = {isa = PBXBuildFile; fileRef = A52950C7277DDB6D00334C56 /* DtoMapper.swift */; };
		A52950CA277DDD6300334C56 /* PlanRepository.swift in Sources */ = {isa = PBXBuildFile; fileRef = A52950C9277DDD6300334C56 /* PlanRepository.swift */; };
		A52950CC277DDEC700334C56 /* DefaultPlanRepository.swift in Sources */ = {isa = PBXBuildFile; fileRef = A52950CB277DDEC700334C56 /* DefaultPlanRepository.swift */; };
		A52950CE277DDEF700334C56 /* Storage.swift in Sources */ = {isa = PBXBuildFile; fileRef = A52950CD277DDEF700334C56 /* Storage.swift */; };
		A52950D1277DDFA300334C56 /* PlanRealmStorage.swift in Sources */ = {isa = PBXBuildFile; fileRef = A52950D0277DDFA300334C56 /* PlanRealmStorage.swift */; };
		A52950D3277DEE1D00334C56 /* DefaultFetchPlanListUseCase.swift in Sources */ = {isa = PBXBuildFile; fileRef = A52950D2277DEE1D00334C56 /* DefaultFetchPlanListUseCase.swift */; };
		A52950D5277DF1D100334C56 /* RealmStorageTests.swift in Sources */ = {isa = PBXBuildFile; fileRef = A52950D4277DF1D100334C56 /* RealmStorageTests.swift */; };
		A52950D7277DF62200334C56 /* Date+DateComponent.swift in Sources */ = {isa = PBXBuildFile; fileRef = A52950D6277DF62200334C56 /* Date+DateComponent.swift */; };
		A52950D9277DF89000334C56 /* PlanRepositoryTests.swift in Sources */ = {isa = PBXBuildFile; fileRef = A52950D8277DF89000334C56 /* PlanRepositoryTests.swift */; };
		A52950DC277DFB9E00334C56 /* XCTestCase.swift in Sources */ = {isa = PBXBuildFile; fileRef = A52950DB277DFB9E00334C56 /* XCTestCase.swift */; };
		A52950DE277DFEA600334C56 /* MyPlannerUITests.swift in Sources */ = {isa = PBXBuildFile; fileRef = A52950DD277DFEA600334C56 /* MyPlannerUITests.swift */; };
		A52950E0277E0FBC00334C56 /* DefaultAddPlanUseCase.swift in Sources */ = {isa = PBXBuildFile; fileRef = A52950DF277E0FBC00334C56 /* DefaultAddPlanUseCase.swift */; };
		A52950E3277E118900334C56 /* FetchPlanListByDateUseCaseTests.swift in Sources */ = {isa = PBXBuildFile; fileRef = A52950E2277E118900334C56 /* FetchPlanListByDateUseCaseTests.swift */; };
		A52950E5277E173C00334C56 /* PlanListView.swift in Sources */ = {isa = PBXBuildFile; fileRef = A52950E4277E173C00334C56 /* PlanListView.swift */; };
		A52950F1277E2DFB00334C56 /* PlanListViewModel.swift in Sources */ = {isa = PBXBuildFile; fileRef = A52950F0277E2DFB00334C56 /* PlanListViewModel.swift */; };
		A545A6012786C1E20057809A /* PlanListTableView.swift in Sources */ = {isa = PBXBuildFile; fileRef = A545A6002786C1E20057809A /* PlanListTableView.swift */; };
		A54C28E0277CACDE008D256C /* Plan.swift in Sources */ = {isa = PBXBuildFile; fileRef = A54C28DF277CACDE008D256C /* Plan.swift */; };
		A54E15DB278748B900F108CD /* PaddingLabel.swift in Sources */ = {isa = PBXBuildFile; fileRef = A54E15DA278748B900F108CD /* PaddingLabel.swift */; };
		A54E15E02787533E00F108CD /* DefaultUpdatePlanUseCase.swift in Sources */ = {isa = PBXBuildFile; fileRef = A54E15DF2787533E00F108CD /* DefaultUpdatePlanUseCase.swift */; };
		A54E15E22787534400F108CD /* UpdatePlanUseCase.swift in Sources */ = {isa = PBXBuildFile; fileRef = A54E15E12787534400F108CD /* UpdatePlanUseCase.swift */; };
		A564ED182782074300972349 /* PlanListViewModelTests.swift in Sources */ = {isa = PBXBuildFile; fileRef = A564ED172782074300972349 /* PlanListViewModelTests.swift */; };
		A567EB76278C1BCB005D3AD6 /* ColorSelectorDelegate.swift in Sources */ = {isa = PBXBuildFile; fileRef = A567EB75278C1BCB005D3AD6 /* ColorSelectorDelegate.swift */; };
		A567EB7A278C2082005D3AD6 /* EditPlanViewController.swift in Sources */ = {isa = PBXBuildFile; fileRef = A567EB79278C2082005D3AD6 /* EditPlanViewController.swift */; };
		A567EB7C278C2088005D3AD6 /* EditPlanView.swift in Sources */ = {isa = PBXBuildFile; fileRef = A567EB7B278C2088005D3AD6 /* EditPlanView.swift */; };
		A567EB7E278C208D005D3AD6 /* EditPlanViewModel.swift in Sources */ = {isa = PBXBuildFile; fileRef = A567EB7D278C208D005D3AD6 /* EditPlanViewModel.swift */; };
		A567EB82278C23A9005D3AD6 /* DefaultDeletePlanUseCase.swift in Sources */ = {isa = PBXBuildFile; fileRef = A567EB81278C225F005D3AD6 /* DefaultDeletePlanUseCase.swift */; };
		A567EB83278C23A9005D3AD6 /* DeletePlanUseCase.swift in Sources */ = {isa = PBXBuildFile; fileRef = A567EB80278C225F005D3AD6 /* DeletePlanUseCase.swift */; };
		A57475FE278D4695009FB281 /* AddPlanViewModelTests.swift in Sources */ = {isa = PBXBuildFile; fileRef = A57475FD278D4695009FB281 /* AddPlanViewModelTests.swift */; };
		A5795170278F275700CDAFD7 /* SearchPlanViewController.swift in Sources */ = {isa = PBXBuildFile; fileRef = A579516F278F275700CDAFD7 /* SearchPlanViewController.swift */; };
		A5795172278F275E00CDAFD7 /* SearchPlanView.swift in Sources */ = {isa = PBXBuildFile; fileRef = A5795171278F275E00CDAFD7 /* SearchPlanView.swift */; };
		A5795174278F276600CDAFD7 /* SearchPlanViewModel.swift in Sources */ = {isa = PBXBuildFile; fileRef = A5795173278F276600CDAFD7 /* SearchPlanViewModel.swift */; };
		A5795176278F342700CDAFD7 /* SearchPlanViewAction.swift in Sources */ = {isa = PBXBuildFile; fileRef = A5795175278F342700CDAFD7 /* SearchPlanViewAction.swift */; };
		A5795178278F382C00CDAFD7 /* SearchPlanTableView.swift in Sources */ = {isa = PBXBuildFile; fileRef = A5795177278F382C00CDAFD7 /* SearchPlanTableView.swift */; };
		A579517B278F385200CDAFD7 /* SearchResultCell.swift in Sources */ = {isa = PBXBuildFile; fileRef = A579517A278F385200CDAFD7 /* SearchResultCell.swift */; };
		A599BEC8277CB2DB005F5B1C /* RealmStorage.swift in Sources */ = {isa = PBXBuildFile; fileRef = A599BEC7277CB2DB005F5B1C /* RealmStorage.swift */; };
		A599BED2277CB64C005F5B1C /* RealmPlan.swift in Sources */ = {isa = PBXBuildFile; fileRef = A599BED1277CB64C005F5B1C /* RealmPlan.swift */; };
		A599BED4277CB686005F5B1C /* Identifiable.swift in Sources */ = {isa = PBXBuildFile; fileRef = A599BED3277CB686005F5B1C /* Identifiable.swift */; };
		A599BEF1277CC661005F5B1C /* Plan+Stub.swift in Sources */ = {isa = PBXBuildFile; fileRef = A599BEF0277CC661005F5B1C /* Plan+Stub.swift */; };
		A5B01E2027844B4C000865BF /* PlanListTitleBar.swift in Sources */ = {isa = PBXBuildFile; fileRef = A5B01E1F27844B4C000865BF /* PlanListTitleBar.swift */; };
		A5B01E242784541C000865BF /* PlanListViewAction.swift in Sources */ = {isa = PBXBuildFile; fileRef = A5B01E232784541C000865BF /* PlanListViewAction.swift */; };
		A5B8020727848B0200E010BE /* DateSelectorViewController.swift in Sources */ = {isa = PBXBuildFile; fileRef = A5B8020627848B0200E010BE /* DateSelectorViewController.swift */; };
		A5B8020927848B4200E010BE /* DateSelectorDelegate.swift in Sources */ = {isa = PBXBuildFile; fileRef = A5B8020827848B4200E010BE /* DateSelectorDelegate.swift */; };
		A5B8020C27848BB100E010BE /* DateSelector.swift in Sources */ = {isa = PBXBuildFile; fileRef = A5B8020B27848BB100E010BE /* DateSelector.swift */; };
		A5B8020E278497A800E010BE /* Date+DateComponentTests.swift in Sources */ = {isa = PBXBuildFile; fileRef = A5B8020D278497A800E010BE /* Date+DateComponentTests.swift */; };
		A5B802102784A58800E010BE /* WeekCalender.swift in Sources */ = {isa = PBXBuildFile; fileRef = A5B8020F2784A58800E010BE /* WeekCalender.swift */; };
		A5BB59D2277CA66F0058240E /* AppDelegate.swift in Sources */ = {isa = PBXBuildFile; fileRef = A5BB59D1277CA66F0058240E /* AppDelegate.swift */; };
		A5BB59D4277CA66F0058240E /* SceneDelegate.swift in Sources */ = {isa = PBXBuildFile; fileRef = A5BB59D3277CA66F0058240E /* SceneDelegate.swift */; };
		A5BB59D6277CA66F0058240E /* PlanListViewController.swift in Sources */ = {isa = PBXBuildFile; fileRef = A5BB59D5277CA66F0058240E /* PlanListViewController.swift */; };
		A5BB59DB277CA6700058240E /* Assets.xcassets in Resources */ = {isa = PBXBuildFile; fileRef = A5BB59DA277CA6700058240E /* Assets.xcassets */; };
		A5BB59DE277CA6700058240E /* LaunchScreen.storyboard in Resources */ = {isa = PBXBuildFile; fileRef = A5BB59DC277CA6700058240E /* LaunchScreen.storyboard */; };
		A5BB59E9277CA6700058240E /* MyPlannerTests.swift in Sources */ = {isa = PBXBuildFile; fileRef = A5BB59E8277CA6700058240E /* MyPlannerTests.swift */; };
		A5BD3AC9278DA4960043B266 /* PlanNotificationCenter.swift in Sources */ = {isa = PBXBuildFile; fileRef = A5BD3AC8278DA4960043B266 /* PlanNotificationCenter.swift */; };
		A5BD3ACB278DA4D20043B266 /* DefaultPlanNotificationCenter.swift in Sources */ = {isa = PBXBuildFile; fileRef = A5BD3ACA278DA4D20043B266 /* DefaultPlanNotificationCenter.swift */; };
		A5CCFBAC27871BA1002C37EE /* PlanListCell.swift in Sources */ = {isa = PBXBuildFile; fileRef = A5CCFBAB27871BA1002C37EE /* PlanListCell.swift */; };
		A5E4CB0927828F1D00A05589 /* FetchPlanListUseCase.swift in Sources */ = {isa = PBXBuildFile; fileRef = A5E4CB0827828F1D00A05589 /* FetchPlanListUseCase.swift */; };
		A5E4CB0C27828F8500A05589 /* AddPlanUseCase.swift in Sources */ = {isa = PBXBuildFile; fileRef = A5E4CB0B27828F8500A05589 /* AddPlanUseCase.swift */; };
		A5E4CB11278297E900A05589 /* DeclarativeView+ViewController.swift in Sources */ = {isa = PBXBuildFile; fileRef = A5E4CB10278297E900A05589 /* DeclarativeView+ViewController.swift */; };
		A5E4CB132782A1A300A05589 /* Color.swift in Sources */ = {isa = PBXBuildFile; fileRef = A5E4CB122782A1A300A05589 /* Color.swift */; };
		A5E4CB152782A1D900A05589 /* UIColor+Hex.swift in Sources */ = {isa = PBXBuildFile; fileRef = A5E4CB142782A1D900A05589 /* UIColor+Hex.swift */; };
		A5E4CB172782A4BE00A05589 /* DependencyContainer.swift in Sources */ = {isa = PBXBuildFile; fileRef = A5E4CB162782A4BE00A05589 /* DependencyContainer.swift */; };
		A5FA96BC278C40F0003A353C /* ColorSelectorDataSource.swift in Sources */ = {isa = PBXBuildFile; fileRef = A5FA96BB278C40F0003A353C /* ColorSelectorDataSource.swift */; };
		C1B2A52B70BCB72AC2C05009 /* Pods_MyPlanner_MyPlannerUITests.framework in Frameworks */ = {isa = PBXBuildFile; fileRef = 88DE7D24ADC41878415831AD /* Pods_MyPlanner_MyPlannerUITests.framework */; };
		E373F58DA98C3499D001AB60 /* Pods_MyPlannerTests.framework in Frameworks */ = {isa = PBXBuildFile; fileRef = B95ED9BAE8A77861518A0505 /* Pods_MyPlannerTests.framework */; };
		F52CF784570B81ED3709FFD1 /* Pods_MyPlanner.framework in Frameworks */ = {isa = PBXBuildFile; fileRef = 1EA154A25860806819C0E597 /* Pods_MyPlanner.framework */; };
/* End PBXBuildFile section */

/* Begin PBXContainerItemProxy section */
		A5BB59E5277CA6700058240E /* PBXContainerItemProxy */ = {
			isa = PBXContainerItemProxy;
			containerPortal = A5BB59C6277CA66F0058240E /* Project object */;
			proxyType = 1;
			remoteGlobalIDString = A5BB59CD277CA66F0058240E;
			remoteInfo = MyPlanner;
		};
		A5BB59EF277CA6700058240E /* PBXContainerItemProxy */ = {
			isa = PBXContainerItemProxy;
			containerPortal = A5BB59C6277CA66F0058240E /* Project object */;
			proxyType = 1;
			remoteGlobalIDString = A5BB59CD277CA66F0058240E;
			remoteInfo = MyPlanner;
		};
/* End PBXContainerItemProxy section */

/* Begin PBXFileReference section */
		1EA154A25860806819C0E597 /* Pods_MyPlanner.framework */ = {isa = PBXFileReference; explicitFileType = wrapper.framework; includeInIndex = 0; path = Pods_MyPlanner.framework; sourceTree = BUILT_PRODUCTS_DIR; };
		253D431C781A5D0E58C6749A /* Pods-MyPlanner-MyPlannerUITests.release.xcconfig */ = {isa = PBXFileReference; includeInIndex = 1; lastKnownFileType = text.xcconfig; name = "Pods-MyPlanner-MyPlannerUITests.release.xcconfig"; path = "Target Support Files/Pods-MyPlanner-MyPlannerUITests/Pods-MyPlanner-MyPlannerUITests.release.xcconfig"; sourceTree = "<group>"; };
		705A68EC8FDB65DED3EAB58B /* Pods-MyPlannerTests.release.xcconfig */ = {isa = PBXFileReference; includeInIndex = 1; lastKnownFileType = text.xcconfig; name = "Pods-MyPlannerTests.release.xcconfig"; path = "Target Support Files/Pods-MyPlannerTests/Pods-MyPlannerTests.release.xcconfig"; sourceTree = "<group>"; };
		7615D13079F9EFF8943330EA /* Pods-MyPlannerTests.debug.xcconfig */ = {isa = PBXFileReference; includeInIndex = 1; lastKnownFileType = text.xcconfig; name = "Pods-MyPlannerTests.debug.xcconfig"; path = "Target Support Files/Pods-MyPlannerTests/Pods-MyPlannerTests.debug.xcconfig"; sourceTree = "<group>"; };
		79C1A4333318B40E891BDCA9 /* Pods-MyPlanner.debug.xcconfig */ = {isa = PBXFileReference; includeInIndex = 1; lastKnownFileType = text.xcconfig; name = "Pods-MyPlanner.debug.xcconfig"; path = "Target Support Files/Pods-MyPlanner/Pods-MyPlanner.debug.xcconfig"; sourceTree = "<group>"; };
		7E7A5910B98A62F4A4E070FF /* Pods-MyPlanner-MyPlannerUITests.debug.xcconfig */ = {isa = PBXFileReference; includeInIndex = 1; lastKnownFileType = text.xcconfig; name = "Pods-MyPlanner-MyPlannerUITests.debug.xcconfig"; path = "Target Support Files/Pods-MyPlanner-MyPlannerUITests/Pods-MyPlanner-MyPlannerUITests.debug.xcconfig"; sourceTree = "<group>"; };
		88DE7D24ADC41878415831AD /* Pods_MyPlanner_MyPlannerUITests.framework */ = {isa = PBXFileReference; explicitFileType = wrapper.framework; includeInIndex = 0; path = Pods_MyPlanner_MyPlannerUITests.framework; sourceTree = BUILT_PRODUCTS_DIR; };
		A51CBC9B278ABF8B007E44F9 /* ToolbarTextField.swift */ = {isa = PBXFileReference; lastKnownFileType = sourcecode.swift; path = ToolbarTextField.swift; sourceTree = "<group>"; };
		A51CBC9F278AD406007E44F9 /* DatePickerField.swift */ = {isa = PBXFileReference; lastKnownFileType = sourcecode.swift; path = DatePickerField.swift; sourceTree = "<group>"; };
		A51CBCA1278ADE17007E44F9 /* ColorSelectorView.swift */ = {isa = PBXFileReference; lastKnownFileType = sourcecode.swift; path = ColorSelectorView.swift; sourceTree = "<group>"; };
		A51CBCA4278ADE38007E44F9 /* ColorSelectorViewController.swift */ = {isa = PBXFileReference; lastKnownFileType = sourcecode.swift; path = ColorSelectorViewController.swift; sourceTree = "<group>"; };
		A51CBCA6278ADF0D007E44F9 /* ColorSelectableAction.swift */ = {isa = PBXFileReference; lastKnownFileType = sourcecode.swift; path = ColorSelectableAction.swift; sourceTree = "<group>"; };
		A51CBCA8278B1D8A007E44F9 /* ColorSelectorViewModel.swift */ = {isa = PBXFileReference; lastKnownFileType = sourcecode.swift; path = ColorSelectorViewModel.swift; sourceTree = "<group>"; };
		A51CBCAA278B1EEC007E44F9 /* ColorSelectorAction.swift */ = {isa = PBXFileReference; lastKnownFileType = sourcecode.swift; path = ColorSelectorAction.swift; sourceTree = "<group>"; };
		A51CBCAC278B2ABE007E44F9 /* ColorCell.swift */ = {isa = PBXFileReference; lastKnownFileType = sourcecode.swift; path = ColorCell.swift; sourceTree = "<group>"; };
		A52620BB27856B2F008B4C6B /* DateCell.swift */ = {isa = PBXFileReference; lastKnownFileType = sourcecode.swift; path = DateCell.swift; sourceTree = "<group>"; };
		A52682C227880CE900009127 /* AddPlanViewController.swift */ = {isa = PBXFileReference; lastKnownFileType = sourcecode.swift; path = AddPlanViewController.swift; sourceTree = "<group>"; };
		A52682C627880D6E00009127 /* AddPlanView.swift */ = {isa = PBXFileReference; lastKnownFileType = sourcecode.swift; path = AddPlanView.swift; sourceTree = "<group>"; };
		A52682CA27880E0000009127 /* AddPlanViewModel.swift */ = {isa = PBXFileReference; lastKnownFileType = sourcecode.swift; path = AddPlanViewModel.swift; sourceTree = "<group>"; };
		A52950C2277DD81B00334C56 /* PlanDto.swift */ = {isa = PBXFileReference; lastKnownFileType = sourcecode.swift; path = PlanDto.swift; sourceTree = "<group>"; };
		A52950C5277DDB6500334C56 /* PlanDtoMapper.swift */ = {isa = PBXFileReference; lastKnownFileType = sourcecode.swift; path = PlanDtoMapper.swift; sourceTree = "<group>"; };
		A52950C7277DDB6D00334C56 /* DtoMapper.swift */ = {isa = PBXFileReference; lastKnownFileType = sourcecode.swift; path = DtoMapper.swift; sourceTree = "<group>"; };
		A52950C9277DDD6300334C56 /* PlanRepository.swift */ = {isa = PBXFileReference; lastKnownFileType = sourcecode.swift; path = PlanRepository.swift; sourceTree = "<group>"; };
		A52950CB277DDEC700334C56 /* DefaultPlanRepository.swift */ = {isa = PBXFileReference; lastKnownFileType = sourcecode.swift; path = DefaultPlanRepository.swift; sourceTree = "<group>"; };
		A52950CD277DDEF700334C56 /* Storage.swift */ = {isa = PBXFileReference; lastKnownFileType = sourcecode.swift; path = Storage.swift; sourceTree = "<group>"; };
		A52950D0277DDFA300334C56 /* PlanRealmStorage.swift */ = {isa = PBXFileReference; lastKnownFileType = sourcecode.swift; path = PlanRealmStorage.swift; sourceTree = "<group>"; };
		A52950D2277DEE1D00334C56 /* DefaultFetchPlanListUseCase.swift */ = {isa = PBXFileReference; lastKnownFileType = sourcecode.swift; path = DefaultFetchPlanListUseCase.swift; sourceTree = "<group>"; };
		A52950D4277DF1D100334C56 /* RealmStorageTests.swift */ = {isa = PBXFileReference; lastKnownFileType = sourcecode.swift; path = RealmStorageTests.swift; sourceTree = "<group>"; };
		A52950D6277DF62200334C56 /* Date+DateComponent.swift */ = {isa = PBXFileReference; lastKnownFileType = sourcecode.swift; path = "Date+DateComponent.swift"; sourceTree = "<group>"; };
		A52950D8277DF89000334C56 /* PlanRepositoryTests.swift */ = {isa = PBXFileReference; lastKnownFileType = sourcecode.swift; path = PlanRepositoryTests.swift; sourceTree = "<group>"; };
		A52950DB277DFB9E00334C56 /* XCTestCase.swift */ = {isa = PBXFileReference; lastKnownFileType = sourcecode.swift; path = XCTestCase.swift; sourceTree = "<group>"; };
		A52950DD277DFEA600334C56 /* MyPlannerUITests.swift */ = {isa = PBXFileReference; lastKnownFileType = sourcecode.swift; path = MyPlannerUITests.swift; sourceTree = "<group>"; };
		A52950DF277E0FBC00334C56 /* DefaultAddPlanUseCase.swift */ = {isa = PBXFileReference; lastKnownFileType = sourcecode.swift; path = DefaultAddPlanUseCase.swift; sourceTree = "<group>"; };
		A52950E2277E118900334C56 /* FetchPlanListByDateUseCaseTests.swift */ = {isa = PBXFileReference; lastKnownFileType = sourcecode.swift; path = FetchPlanListByDateUseCaseTests.swift; sourceTree = "<group>"; };
		A52950E4277E173C00334C56 /* PlanListView.swift */ = {isa = PBXFileReference; lastKnownFileType = sourcecode.swift; path = PlanListView.swift; sourceTree = "<group>"; };
		A52950F0277E2DFB00334C56 /* PlanListViewModel.swift */ = {isa = PBXFileReference; lastKnownFileType = sourcecode.swift; path = PlanListViewModel.swift; sourceTree = "<group>"; };
		A545A6002786C1E20057809A /* PlanListTableView.swift */ = {isa = PBXFileReference; lastKnownFileType = sourcecode.swift; path = PlanListTableView.swift; sourceTree = "<group>"; };
		A54C28DF277CACDE008D256C /* Plan.swift */ = {isa = PBXFileReference; lastKnownFileType = sourcecode.swift; path = Plan.swift; sourceTree = "<group>"; };
		A54E15DA278748B900F108CD /* PaddingLabel.swift */ = {isa = PBXFileReference; lastKnownFileType = sourcecode.swift; path = PaddingLabel.swift; sourceTree = "<group>"; };
		A54E15DF2787533E00F108CD /* DefaultUpdatePlanUseCase.swift */ = {isa = PBXFileReference; lastKnownFileType = sourcecode.swift; path = DefaultUpdatePlanUseCase.swift; sourceTree = "<group>"; };
		A54E15E12787534400F108CD /* UpdatePlanUseCase.swift */ = {isa = PBXFileReference; lastKnownFileType = sourcecode.swift; path = UpdatePlanUseCase.swift; sourceTree = "<group>"; };
		A564ED172782074300972349 /* PlanListViewModelTests.swift */ = {isa = PBXFileReference; lastKnownFileType = sourcecode.swift; path = PlanListViewModelTests.swift; sourceTree = "<group>"; };
		A567EB75278C1BCB005D3AD6 /* ColorSelectorDelegate.swift */ = {isa = PBXFileReference; lastKnownFileType = sourcecode.swift; path = ColorSelectorDelegate.swift; sourceTree = "<group>"; };
		A567EB79278C2082005D3AD6 /* EditPlanViewController.swift */ = {isa = PBXFileReference; lastKnownFileType = sourcecode.swift; path = EditPlanViewController.swift; sourceTree = "<group>"; };
		A567EB7B278C2088005D3AD6 /* EditPlanView.swift */ = {isa = PBXFileReference; lastKnownFileType = sourcecode.swift; path = EditPlanView.swift; sourceTree = "<group>"; };
		A567EB7D278C208D005D3AD6 /* EditPlanViewModel.swift */ = {isa = PBXFileReference; lastKnownFileType = sourcecode.swift; path = EditPlanViewModel.swift; sourceTree = "<group>"; };
		A567EB80278C225F005D3AD6 /* DeletePlanUseCase.swift */ = {isa = PBXFileReference; lastKnownFileType = sourcecode.swift; path = DeletePlanUseCase.swift; sourceTree = "<group>"; };
		A567EB81278C225F005D3AD6 /* DefaultDeletePlanUseCase.swift */ = {isa = PBXFileReference; lastKnownFileType = sourcecode.swift; path = DefaultDeletePlanUseCase.swift; sourceTree = "<group>"; };
		A57475FD278D4695009FB281 /* AddPlanViewModelTests.swift */ = {isa = PBXFileReference; lastKnownFileType = sourcecode.swift; path = AddPlanViewModelTests.swift; sourceTree = "<group>"; };
		A579516F278F275700CDAFD7 /* SearchPlanViewController.swift */ = {isa = PBXFileReference; lastKnownFileType = sourcecode.swift; path = SearchPlanViewController.swift; sourceTree = "<group>"; };
		A5795171278F275E00CDAFD7 /* SearchPlanView.swift */ = {isa = PBXFileReference; lastKnownFileType = sourcecode.swift; path = SearchPlanView.swift; sourceTree = "<group>"; };
		A5795173278F276600CDAFD7 /* SearchPlanViewModel.swift */ = {isa = PBXFileReference; lastKnownFileType = sourcecode.swift; path = SearchPlanViewModel.swift; sourceTree = "<group>"; };
		A5795175278F342700CDAFD7 /* SearchPlanViewAction.swift */ = {isa = PBXFileReference; lastKnownFileType = sourcecode.swift; path = SearchPlanViewAction.swift; sourceTree = "<group>"; };
		A5795177278F382C00CDAFD7 /* SearchPlanTableView.swift */ = {isa = PBXFileReference; lastKnownFileType = sourcecode.swift; path = SearchPlanTableView.swift; sourceTree = "<group>"; };
		A579517A278F385200CDAFD7 /* SearchResultCell.swift */ = {isa = PBXFileReference; lastKnownFileType = sourcecode.swift; path = SearchResultCell.swift; sourceTree = "<group>"; };
		A599BEC7277CB2DB005F5B1C /* RealmStorage.swift */ = {isa = PBXFileReference; lastKnownFileType = sourcecode.swift; path = RealmStorage.swift; sourceTree = "<group>"; };
		A599BED1277CB64C005F5B1C /* RealmPlan.swift */ = {isa = PBXFileReference; lastKnownFileType = sourcecode.swift; path = RealmPlan.swift; sourceTree = "<group>"; };
		A599BED3277CB686005F5B1C /* Identifiable.swift */ = {isa = PBXFileReference; lastKnownFileType = sourcecode.swift; path = Identifiable.swift; sourceTree = "<group>"; };
		A599BEF0277CC661005F5B1C /* Plan+Stub.swift */ = {isa = PBXFileReference; lastKnownFileType = sourcecode.swift; path = "Plan+Stub.swift"; sourceTree = "<group>"; };
		A5B01E1F27844B4C000865BF /* PlanListTitleBar.swift */ = {isa = PBXFileReference; lastKnownFileType = sourcecode.swift; path = PlanListTitleBar.swift; sourceTree = "<group>"; };
		A5B01E232784541C000865BF /* PlanListViewAction.swift */ = {isa = PBXFileReference; lastKnownFileType = sourcecode.swift; path = PlanListViewAction.swift; sourceTree = "<group>"; };
		A5B8020627848B0200E010BE /* DateSelectorViewController.swift */ = {isa = PBXFileReference; lastKnownFileType = sourcecode.swift; path = DateSelectorViewController.swift; sourceTree = "<group>"; };
		A5B8020827848B4200E010BE /* DateSelectorDelegate.swift */ = {isa = PBXFileReference; lastKnownFileType = sourcecode.swift; path = DateSelectorDelegate.swift; sourceTree = "<group>"; };
		A5B8020B27848BB100E010BE /* DateSelector.swift */ = {isa = PBXFileReference; lastKnownFileType = sourcecode.swift; path = DateSelector.swift; sourceTree = "<group>"; };
		A5B8020D278497A800E010BE /* Date+DateComponentTests.swift */ = {isa = PBXFileReference; lastKnownFileType = sourcecode.swift; path = "Date+DateComponentTests.swift"; sourceTree = "<group>"; };
		A5B8020F2784A58800E010BE /* WeekCalender.swift */ = {isa = PBXFileReference; lastKnownFileType = sourcecode.swift; path = WeekCalender.swift; sourceTree = "<group>"; };
		A5BB59CE277CA66F0058240E /* MyPlanner.app */ = {isa = PBXFileReference; explicitFileType = wrapper.application; includeInIndex = 0; path = MyPlanner.app; sourceTree = BUILT_PRODUCTS_DIR; };
		A5BB59D1277CA66F0058240E /* AppDelegate.swift */ = {isa = PBXFileReference; lastKnownFileType = sourcecode.swift; path = AppDelegate.swift; sourceTree = "<group>"; };
		A5BB59D3277CA66F0058240E /* SceneDelegate.swift */ = {isa = PBXFileReference; lastKnownFileType = sourcecode.swift; path = SceneDelegate.swift; sourceTree = "<group>"; };
		A5BB59D5277CA66F0058240E /* PlanListViewController.swift */ = {isa = PBXFileReference; lastKnownFileType = sourcecode.swift; path = PlanListViewController.swift; sourceTree = "<group>"; };
		A5BB59DA277CA6700058240E /* Assets.xcassets */ = {isa = PBXFileReference; lastKnownFileType = folder.assetcatalog; path = Assets.xcassets; sourceTree = "<group>"; };
		A5BB59DD277CA6700058240E /* Base */ = {isa = PBXFileReference; lastKnownFileType = file.storyboard; name = Base; path = Base.lproj/LaunchScreen.storyboard; sourceTree = "<group>"; };
		A5BB59DF277CA6700058240E /* Info.plist */ = {isa = PBXFileReference; lastKnownFileType = text.plist.xml; path = Info.plist; sourceTree = "<group>"; };
		A5BB59E4277CA6700058240E /* MyPlannerTests.xctest */ = {isa = PBXFileReference; explicitFileType = wrapper.cfbundle; includeInIndex = 0; path = MyPlannerTests.xctest; sourceTree = BUILT_PRODUCTS_DIR; };
		A5BB59E8277CA6700058240E /* MyPlannerTests.swift */ = {isa = PBXFileReference; lastKnownFileType = sourcecode.swift; path = MyPlannerTests.swift; sourceTree = "<group>"; };
		A5BB59EE277CA6700058240E /* MyPlannerUITests.xctest */ = {isa = PBXFileReference; explicitFileType = wrapper.cfbundle; includeInIndex = 0; path = MyPlannerUITests.xctest; sourceTree = BUILT_PRODUCTS_DIR; };
		A5BD3AC8278DA4960043B266 /* PlanNotificationCenter.swift */ = {isa = PBXFileReference; lastKnownFileType = sourcecode.swift; path = PlanNotificationCenter.swift; sourceTree = "<group>"; };
		A5BD3ACA278DA4D20043B266 /* DefaultPlanNotificationCenter.swift */ = {isa = PBXFileReference; lastKnownFileType = sourcecode.swift; path = DefaultPlanNotificationCenter.swift; sourceTree = "<group>"; };
		A5CCFBAB27871BA1002C37EE /* PlanListCell.swift */ = {isa = PBXFileReference; lastKnownFileType = sourcecode.swift; path = PlanListCell.swift; sourceTree = "<group>"; };
		A5E4CB0827828F1D00A05589 /* FetchPlanListUseCase.swift */ = {isa = PBXFileReference; lastKnownFileType = sourcecode.swift; path = FetchPlanListUseCase.swift; sourceTree = "<group>"; };
		A5E4CB0B27828F8500A05589 /* AddPlanUseCase.swift */ = {isa = PBXFileReference; lastKnownFileType = sourcecode.swift; path = AddPlanUseCase.swift; sourceTree = "<group>"; };
		A5E4CB10278297E900A05589 /* DeclarativeView+ViewController.swift */ = {isa = PBXFileReference; lastKnownFileType = sourcecode.swift; path = "DeclarativeView+ViewController.swift"; sourceTree = "<group>"; };
		A5E4CB122782A1A300A05589 /* Color.swift */ = {isa = PBXFileReference; lastKnownFileType = sourcecode.swift; path = Color.swift; sourceTree = "<group>"; };
		A5E4CB142782A1D900A05589 /* UIColor+Hex.swift */ = {isa = PBXFileReference; lastKnownFileType = sourcecode.swift; path = "UIColor+Hex.swift"; sourceTree = "<group>"; };
		A5E4CB162782A4BE00A05589 /* DependencyContainer.swift */ = {isa = PBXFileReference; lastKnownFileType = sourcecode.swift; path = DependencyContainer.swift; sourceTree = "<group>"; };
		A5FA96BB278C40F0003A353C /* ColorSelectorDataSource.swift */ = {isa = PBXFileReference; lastKnownFileType = sourcecode.swift; path = ColorSelectorDataSource.swift; sourceTree = "<group>"; };
		B95ED9BAE8A77861518A0505 /* Pods_MyPlannerTests.framework */ = {isa = PBXFileReference; explicitFileType = wrapper.framework; includeInIndex = 0; path = Pods_MyPlannerTests.framework; sourceTree = BUILT_PRODUCTS_DIR; };
		DB252648AC3E634C9BA6EDA1 /* Pods-MyPlanner.release.xcconfig */ = {isa = PBXFileReference; includeInIndex = 1; lastKnownFileType = text.xcconfig; name = "Pods-MyPlanner.release.xcconfig"; path = "Target Support Files/Pods-MyPlanner/Pods-MyPlanner.release.xcconfig"; sourceTree = "<group>"; };
/* End PBXFileReference section */

/* Begin PBXFrameworksBuildPhase section */
		A5BB59CB277CA66F0058240E /* Frameworks */ = {
			isa = PBXFrameworksBuildPhase;
			buildActionMask = 2147483647;
			files = (
				F52CF784570B81ED3709FFD1 /* Pods_MyPlanner.framework in Frameworks */,
			);
			runOnlyForDeploymentPostprocessing = 0;
		};
		A5BB59E1277CA6700058240E /* Frameworks */ = {
			isa = PBXFrameworksBuildPhase;
			buildActionMask = 2147483647;
			files = (
				E373F58DA98C3499D001AB60 /* Pods_MyPlannerTests.framework in Frameworks */,
			);
			runOnlyForDeploymentPostprocessing = 0;
		};
		A5BB59EB277CA6700058240E /* Frameworks */ = {
			isa = PBXFrameworksBuildPhase;
			buildActionMask = 2147483647;
			files = (
				C1B2A52B70BCB72AC2C05009 /* Pods_MyPlanner_MyPlannerUITests.framework in Frameworks */,
			);
			runOnlyForDeploymentPostprocessing = 0;
		};
/* End PBXFrameworksBuildPhase section */

/* Begin PBXGroup section */
		6DD39E46AC59EBDBEABC8EDA /* Frameworks */ = {
			isa = PBXGroup;
			children = (
				1EA154A25860806819C0E597 /* Pods_MyPlanner.framework */,
				88DE7D24ADC41878415831AD /* Pods_MyPlanner_MyPlannerUITests.framework */,
				B95ED9BAE8A77861518A0505 /* Pods_MyPlannerTests.framework */,
			);
			name = Frameworks;
			sourceTree = "<group>";
		};
		A51CBCA3278ADE1B007E44F9 /* ColorSelector */ = {
			isa = PBXGroup;
			children = (
				A51CBCA4278ADE38007E44F9 /* ColorSelectorViewController.swift */,
				A51CBCA1278ADE17007E44F9 /* ColorSelectorView.swift */,
				A51CBCA8278B1D8A007E44F9 /* ColorSelectorViewModel.swift */,
				A51CBCAA278B1EEC007E44F9 /* ColorSelectorAction.swift */,
				A51CBCAC278B2ABE007E44F9 /* ColorCell.swift */,
				A567EB75278C1BCB005D3AD6 /* ColorSelectorDelegate.swift */,
				A5FA96BB278C40F0003A353C /* ColorSelectorDataSource.swift */,
			);
			path = ColorSelector;
			sourceTree = "<group>";
		};
		A52682C127880CDF00009127 /* AddPlanView */ = {
			isa = PBXGroup;
			children = (
				A52682C227880CE900009127 /* AddPlanViewController.swift */,
				A52682C627880D6E00009127 /* AddPlanView.swift */,
				A52682CA27880E0000009127 /* AddPlanViewModel.swift */,
				A51CBCA6278ADF0D007E44F9 /* ColorSelectableAction.swift */,
			);
			path = AddPlanView;
			sourceTree = "<group>";
		};
		A52950C1277DD80F00334C56 /* DTO */ = {
			isa = PBXGroup;
			children = (
				A52950C4277DDB5E00334C56 /* Mapper */,
				A52950C2277DD81B00334C56 /* PlanDto.swift */,
			);
			path = DTO;
			sourceTree = "<group>";
		};
		A52950C4277DDB5E00334C56 /* Mapper */ = {
			isa = PBXGroup;
			children = (
				A52950C5277DDB6500334C56 /* PlanDtoMapper.swift */,
				A52950C7277DDB6D00334C56 /* DtoMapper.swift */,
			);
			path = Mapper;
			sourceTree = "<group>";
		};
		A52950CF277DDF9900334C56 /* Storage */ = {
			isa = PBXGroup;
			children = (
				A599BEC7277CB2DB005F5B1C /* RealmStorage.swift */,
				A52950D0277DDFA300334C56 /* PlanRealmStorage.swift */,
			);
			path = Storage;
			sourceTree = "<group>";
		};
		A52950DA277DFB8F00334C56 /* Infrastructure */ = {
			isa = PBXGroup;
			children = (
				A52950DB277DFB9E00334C56 /* XCTestCase.swift */,
				A5B8020D278497A800E010BE /* Date+DateComponentTests.swift */,
			);
			path = Infrastructure;
			sourceTree = "<group>";
		};
		A52950E1277E117C00334C56 /* UseCase */ = {
			isa = PBXGroup;
			children = (
				A52950E2277E118900334C56 /* FetchPlanListByDateUseCaseTests.swift */,
			);
			path = UseCase;
			sourceTree = "<group>";
		};
		A545A5FD2786C1C60057809A /* PlanListTitleBar */ = {
			isa = PBXGroup;
			children = (
				A5B01E1F27844B4C000865BF /* PlanListTitleBar.swift */,
				A5B01E232784541C000865BF /* PlanListViewAction.swift */,
			);
			path = PlanListTitleBar;
			sourceTree = "<group>";
		};
		A545A5FE2786C1CE0057809A /* WeekCalendar */ = {
			isa = PBXGroup;
			children = (
				A5B8020F2784A58800E010BE /* WeekCalender.swift */,
				A52620BB27856B2F008B4C6B /* DateCell.swift */,
			);
			path = WeekCalendar;
			sourceTree = "<group>";
		};
		A545A5FF2786C1D70057809A /* PlanTableView */ = {
			isa = PBXGroup;
			children = (
				A545A6002786C1E20057809A /* PlanListTableView.swift */,
				A5CCFBAB27871BA1002C37EE /* PlanListCell.swift */,
			);
			path = PlanTableView;
			sourceTree = "<group>";
		};
		A54C28D4277CABA6008D256C /* Application */ = {
			isa = PBXGroup;
			children = (
				A5BB59D1277CA66F0058240E /* AppDelegate.swift */,
				A5BB59D3277CA66F0058240E /* SceneDelegate.swift */,
				A5BB59DC277CA6700058240E /* LaunchScreen.storyboard */,
				A5E4CB162782A4BE00A05589 /* DependencyContainer.swift */,
			);
			path = Application;
			sourceTree = "<group>";
		};
		A54C28D5277CABAA008D256C /* Presentation */ = {
			isa = PBXGroup;
			children = (
				A567EB77278C1C49005D3AD6 /* Reusable */,
				A54C28DE277CAC91008D256C /* PlanListView */,
				A52682C127880CDF00009127 /* AddPlanView */,
				A567EB78278C2037005D3AD6 /* EditPlanView */,
				A579516E278F272D00CDAFD7 /* SearchPlanView */,
			);
			path = Presentation;
			sourceTree = "<group>";
		};
		A54C28D8277CABDB008D256C /* Data */ = {
			isa = PBXGroup;
			children = (
				A54C28E4277CB17D008D256C /* Repository */,
				A5BD3AC7278DA4650043B266 /* UserNotification */,
				A52950C1277DD80F00334C56 /* DTO */,
				A54C28DA277CABE1008D256C /* Entity */,
				A54C28E7277CB21E008D256C /* PersistentStorage */,
			);
			path = Data;
			sourceTree = "<group>";
		};
		A54C28D9277CABDF008D256C /* Domain */ = {
			isa = PBXGroup;
			children = (
				A54C28DC277CAC60008D256C /* UseCase */,
				A54C28DD277CAC71008D256C /* Repository */,
			);
			path = Domain;
			sourceTree = "<group>";
		};
		A54C28DA277CABE1008D256C /* Entity */ = {
			isa = PBXGroup;
			children = (
				A54C28DF277CACDE008D256C /* Plan.swift */,
			);
			path = Entity;
			sourceTree = "<group>";
		};
		A54C28DB277CAC0A008D256C /* Resources */ = {
			isa = PBXGroup;
			children = (
				A5BB59DA277CA6700058240E /* Assets.xcassets */,
				A5E4CB122782A1A300A05589 /* Color.swift */,
			);
			path = Resources;
			sourceTree = "<group>";
		};
		A54C28DC277CAC60008D256C /* UseCase */ = {
			isa = PBXGroup;
			children = (
				A567EB7F278C224A005D3AD6 /* DeletePlan */,
				A54E15DE2787533200F108CD /* UpdatePlan */,
				A5E4CB0A27828F5800A05589 /* AddPlan */,
				A5E4CB0727828EAB00A05589 /* FetchPlanList */,
			);
			path = UseCase;
			sourceTree = "<group>";
		};
		A54C28DD277CAC71008D256C /* Repository */ = {
			isa = PBXGroup;
			children = (
				A52950C9277DDD6300334C56 /* PlanRepository.swift */,
			);
			path = Repository;
			sourceTree = "<group>";
		};
		A54C28DE277CAC91008D256C /* PlanListView */ = {
			isa = PBXGroup;
			children = (
				A5B01E1E27844B43000865BF /* CustomView */,
				A5BB59D5277CA66F0058240E /* PlanListViewController.swift */,
				A52950E4277E173C00334C56 /* PlanListView.swift */,
				A52950F0277E2DFB00334C56 /* PlanListViewModel.swift */,
			);
			path = PlanListView;
			sourceTree = "<group>";
		};
		A54C28E4277CB17D008D256C /* Repository */ = {
			isa = PBXGroup;
			children = (
				A52950CB277DDEC700334C56 /* DefaultPlanRepository.swift */,
			);
			path = Repository;
			sourceTree = "<group>";
		};
		A54C28E7277CB21E008D256C /* PersistentStorage */ = {
			isa = PBXGroup;
			children = (
				A599BECC277CB4D3005F5B1C /* Protocol */,
				A599BEC9277CB479005F5B1C /* Realm */,
			);
			path = PersistentStorage;
			sourceTree = "<group>";
		};
		A54E15DE2787533200F108CD /* UpdatePlan */ = {
			isa = PBXGroup;
			children = (
				A54E15DF2787533E00F108CD /* DefaultUpdatePlanUseCase.swift */,
				A54E15E12787534400F108CD /* UpdatePlanUseCase.swift */,
			);
			path = UpdatePlan;
			sourceTree = "<group>";
		};
		A564ED152782073400972349 /* Presentation */ = {
			isa = PBXGroup;
			children = (
				A564ED162782073800972349 /* ViewModel */,
			);
			path = Presentation;
			sourceTree = "<group>";
		};
		A564ED162782073800972349 /* ViewModel */ = {
			isa = PBXGroup;
			children = (
				A564ED172782074300972349 /* PlanListViewModelTests.swift */,
				A57475FD278D4695009FB281 /* AddPlanViewModelTests.swift */,
			);
			path = ViewModel;
			sourceTree = "<group>";
		};
		A567EB77278C1C49005D3AD6 /* Reusable */ = {
			isa = PBXGroup;
			children = (
				A51CBCA3278ADE1B007E44F9 /* ColorSelector */,
			);
			path = Reusable;
			sourceTree = "<group>";
		};
		A567EB78278C2037005D3AD6 /* EditPlanView */ = {
			isa = PBXGroup;
			children = (
				A567EB79278C2082005D3AD6 /* EditPlanViewController.swift */,
				A567EB7B278C2088005D3AD6 /* EditPlanView.swift */,
				A567EB7D278C208D005D3AD6 /* EditPlanViewModel.swift */,
			);
			path = EditPlanView;
			sourceTree = "<group>";
		};
		A567EB7F278C224A005D3AD6 /* DeletePlan */ = {
			isa = PBXGroup;
			children = (
				A567EB81278C225F005D3AD6 /* DefaultDeletePlanUseCase.swift */,
				A567EB80278C225F005D3AD6 /* DeletePlanUseCase.swift */,
			);
			path = DeletePlan;
			sourceTree = "<group>";
		};
		A579516E278F272D00CDAFD7 /* SearchPlanView */ = {
			isa = PBXGroup;
			children = (
				A5795179278F384000CDAFD7 /* CustomView */,
				A579516F278F275700CDAFD7 /* SearchPlanViewController.swift */,
				A5795171278F275E00CDAFD7 /* SearchPlanView.swift */,
				A5795173278F276600CDAFD7 /* SearchPlanViewModel.swift */,
				A5795175278F342700CDAFD7 /* SearchPlanViewAction.swift */,
			);
			path = SearchPlanView;
			sourceTree = "<group>";
		};
		A5795179278F384000CDAFD7 /* CustomView */ = {
			isa = PBXGroup;
			children = (
				A5795177278F382C00CDAFD7 /* SearchPlanTableView.swift */,
				A579517A278F385200CDAFD7 /* SearchResultCell.swift */,
			);
			path = CustomView;
			sourceTree = "<group>";
		};
		A599BEC9277CB479005F5B1C /* Realm */ = {
			isa = PBXGroup;
			children = (
				A52950CF277DDF9900334C56 /* Storage */,
				A599BED0277CB633005F5B1C /* Entity */,
			);
			path = Realm;
			sourceTree = "<group>";
		};
		A599BECC277CB4D3005F5B1C /* Protocol */ = {
			isa = PBXGroup;
			children = (
				A52950CD277DDEF700334C56 /* Storage.swift */,
			);
			path = Protocol;
			sourceTree = "<group>";
		};
		A599BED0277CB633005F5B1C /* Entity */ = {
			isa = PBXGroup;
			children = (
				A599BED1277CB64C005F5B1C /* RealmPlan.swift */,
				A599BED3277CB686005F5B1C /* Identifiable.swift */,
			);
			path = Entity;
			sourceTree = "<group>";
		};
		A599BEEA277CC5C3005F5B1C /* Domain */ = {
			isa = PBXGroup;
			children = (
				A52950E1277E117C00334C56 /* UseCase */,
			);
			path = Domain;
			sourceTree = "<group>";
		};
		A599BEEB277CC5C9005F5B1C /* Data */ = {
			isa = PBXGroup;
			children = (
				A52950D4277DF1D100334C56 /* RealmStorageTests.swift */,
				A52950D8277DF89000334C56 /* PlanRepositoryTests.swift */,
			);
			path = Data;
			sourceTree = "<group>";
		};
		A599BEEF277CC65A005F5B1C /* Mocks */ = {
			isa = PBXGroup;
			children = (
				A599BEF0277CC661005F5B1C /* Plan+Stub.swift */,
			);
			path = Mocks;
			sourceTree = "<group>";
		};
		A5B01E1E27844B43000865BF /* CustomView */ = {
			isa = PBXGroup;
			children = (
				A5B8020527848AF400E010BE /* DateSelectorView */,
				A545A5FF2786C1D70057809A /* PlanTableView */,
				A545A5FE2786C1CE0057809A /* WeekCalendar */,
				A545A5FD2786C1C60057809A /* PlanListTitleBar */,
			);
			path = CustomView;
			sourceTree = "<group>";
		};
		A5B8020527848AF400E010BE /* DateSelectorView */ = {
			isa = PBXGroup;
			children = (
				A5B8020A27848BAB00E010BE /* CustomView */,
				A5B8020627848B0200E010BE /* DateSelectorViewController.swift */,
				A5B8020827848B4200E010BE /* DateSelectorDelegate.swift */,
			);
			path = DateSelectorView;
			sourceTree = "<group>";
		};
		A5B8020A27848BAB00E010BE /* CustomView */ = {
			isa = PBXGroup;
			children = (
				A5B8020B27848BB100E010BE /* DateSelector.swift */,
			);
			path = CustomView;
			sourceTree = "<group>";
		};
		A5BB59C5277CA66F0058240E = {
			isa = PBXGroup;
			children = (
				A5BB59D0277CA66F0058240E /* MyPlanner */,
				A5BB59E7277CA6700058240E /* MyPlannerTests */,
				A5BB59F1277CA6700058240E /* MyPlannerUITests */,
				A5BB59CF277CA66F0058240E /* Products */,
				DE6FF083B6E67B68970D80F6 /* Pods */,
				6DD39E46AC59EBDBEABC8EDA /* Frameworks */,
			);
			sourceTree = "<group>";
		};
		A5BB59CF277CA66F0058240E /* Products */ = {
			isa = PBXGroup;
			children = (
				A5BB59CE277CA66F0058240E /* MyPlanner.app */,
				A5BB59E4277CA6700058240E /* MyPlannerTests.xctest */,
				A5BB59EE277CA6700058240E /* MyPlannerUITests.xctest */,
			);
			name = Products;
			sourceTree = "<group>";
		};
		A5BB59D0277CA66F0058240E /* MyPlanner */ = {
			isa = PBXGroup;
			children = (
				A5BB59DF277CA6700058240E /* Info.plist */,
				A54C28D4277CABA6008D256C /* Application */,
				A54C28D5277CABAA008D256C /* Presentation */,
				A54C28D9277CABDF008D256C /* Domain */,
				A54C28D8277CABDB008D256C /* Data */,
				A54C28DB277CAC0A008D256C /* Resources */,
				A5E4CB0F2782975D00A05589 /* Infrastructure */,
			);
			path = MyPlanner;
			sourceTree = "<group>";
		};
		A5BB59E7277CA6700058240E /* MyPlannerTests */ = {
			isa = PBXGroup;
			children = (
				A564ED152782073400972349 /* Presentation */,
				A599BEEA277CC5C3005F5B1C /* Domain */,
				A599BEEB277CC5C9005F5B1C /* Data */,
				A599BEEF277CC65A005F5B1C /* Mocks */,
				A52950DA277DFB8F00334C56 /* Infrastructure */,
				A5BB59E8277CA6700058240E /* MyPlannerTests.swift */,
			);
			path = MyPlannerTests;
			sourceTree = "<group>";
		};
		A5BB59F1277CA6700058240E /* MyPlannerUITests */ = {
			isa = PBXGroup;
			children = (
				A52950DD277DFEA600334C56 /* MyPlannerUITests.swift */,
			);
			path = MyPlannerUITests;
			sourceTree = "<group>";
		};
		A5BD3AC7278DA4650043B266 /* UserNotification */ = {
			isa = PBXGroup;
			children = (
				A5BD3AC8278DA4960043B266 /* PlanNotificationCenter.swift */,
				A5BD3ACA278DA4D20043B266 /* DefaultPlanNotificationCenter.swift */,
			);
			path = UserNotification;
			sourceTree = "<group>";
		};
		A5E4CB0727828EAB00A05589 /* FetchPlanList */ = {
			isa = PBXGroup;
			children = (
				A52950D2277DEE1D00334C56 /* DefaultFetchPlanListUseCase.swift */,
				A5E4CB0827828F1D00A05589 /* FetchPlanListUseCase.swift */,
			);
			path = FetchPlanList;
			sourceTree = "<group>";
		};
		A5E4CB0A27828F5800A05589 /* AddPlan */ = {
			isa = PBXGroup;
			children = (
				A52950DF277E0FBC00334C56 /* DefaultAddPlanUseCase.swift */,
				A5E4CB0B27828F8500A05589 /* AddPlanUseCase.swift */,
			);
			path = AddPlan;
			sourceTree = "<group>";
		};
		A5E4CB0F2782975D00A05589 /* Infrastructure */ = {
			isa = PBXGroup;
			children = (
				A52950D6277DF62200334C56 /* Date+DateComponent.swift */,
				A5E4CB10278297E900A05589 /* DeclarativeView+ViewController.swift */,
				A5E4CB142782A1D900A05589 /* UIColor+Hex.swift */,
				A54E15DA278748B900F108CD /* PaddingLabel.swift */,
				A51CBC9B278ABF8B007E44F9 /* ToolbarTextField.swift */,
				A51CBC9F278AD406007E44F9 /* DatePickerField.swift */,
			);
			path = Infrastructure;
			sourceTree = "<group>";
		};
		DE6FF083B6E67B68970D80F6 /* Pods */ = {
			isa = PBXGroup;
			children = (
				79C1A4333318B40E891BDCA9 /* Pods-MyPlanner.debug.xcconfig */,
				DB252648AC3E634C9BA6EDA1 /* Pods-MyPlanner.release.xcconfig */,
				7E7A5910B98A62F4A4E070FF /* Pods-MyPlanner-MyPlannerUITests.debug.xcconfig */,
				253D431C781A5D0E58C6749A /* Pods-MyPlanner-MyPlannerUITests.release.xcconfig */,
				7615D13079F9EFF8943330EA /* Pods-MyPlannerTests.debug.xcconfig */,
				705A68EC8FDB65DED3EAB58B /* Pods-MyPlannerTests.release.xcconfig */,
			);
			path = Pods;
			sourceTree = "<group>";
		};
/* End PBXGroup section */

/* Begin PBXNativeTarget section */
		A5BB59CD277CA66F0058240E /* MyPlanner */ = {
			isa = PBXNativeTarget;
			buildConfigurationList = A5BB59F8277CA6700058240E /* Build configuration list for PBXNativeTarget "MyPlanner" */;
			buildPhases = (
				BCC16DFC17A161EF2217ECE0 /* [CP] Check Pods Manifest.lock */,
				A5BB59CA277CA66F0058240E /* Sources */,
				A5BB59CB277CA66F0058240E /* Frameworks */,
				A5BB59CC277CA66F0058240E /* Resources */,
				FF0C330CFE787639F7D07684 /* [CP] Embed Pods Frameworks */,
			);
			buildRules = (
			);
			dependencies = (
			);
			name = MyPlanner;
			productName = MyPlanner;
			productReference = A5BB59CE277CA66F0058240E /* MyPlanner.app */;
			productType = "com.apple.product-type.application";
		};
		A5BB59E3277CA6700058240E /* MyPlannerTests */ = {
			isa = PBXNativeTarget;
			buildConfigurationList = A5BB59FB277CA6700058240E /* Build configuration list for PBXNativeTarget "MyPlannerTests" */;
			buildPhases = (
				2F80AAE1154BF971184ECF0F /* [CP] Check Pods Manifest.lock */,
				A5BB59E0277CA6700058240E /* Sources */,
				A5BB59E1277CA6700058240E /* Frameworks */,
				A5BB59E2277CA6700058240E /* Resources */,
				70F06B13CF4E4F7030EF5A15 /* [CP] Embed Pods Frameworks */,
			);
			buildRules = (
			);
			dependencies = (
				A5BB59E6277CA6700058240E /* PBXTargetDependency */,
			);
			name = MyPlannerTests;
			productName = MyPlannerTests;
			productReference = A5BB59E4277CA6700058240E /* MyPlannerTests.xctest */;
			productType = "com.apple.product-type.bundle.unit-test";
		};
		A5BB59ED277CA6700058240E /* MyPlannerUITests */ = {
			isa = PBXNativeTarget;
			buildConfigurationList = A5BB59FE277CA6700058240E /* Build configuration list for PBXNativeTarget "MyPlannerUITests" */;
			buildPhases = (
				85E4BC3C045213EA2DE19011 /* [CP] Check Pods Manifest.lock */,
				A5BB59EA277CA6700058240E /* Sources */,
				A5BB59EB277CA6700058240E /* Frameworks */,
				A5BB59EC277CA6700058240E /* Resources */,
				18408EBC09E10A3CBA704509 /* [CP] Embed Pods Frameworks */,
			);
			buildRules = (
			);
			dependencies = (
				A5BB59F0277CA6700058240E /* PBXTargetDependency */,
			);
			name = MyPlannerUITests;
			productName = MyPlannerUITests;
			productReference = A5BB59EE277CA6700058240E /* MyPlannerUITests.xctest */;
			productType = "com.apple.product-type.bundle.ui-testing";
		};
/* End PBXNativeTarget section */

/* Begin PBXProject section */
		A5BB59C6277CA66F0058240E /* Project object */ = {
			isa = PBXProject;
			attributes = {
				BuildIndependentTargetsInParallel = 1;
				LastSwiftUpdateCheck = 1320;
				LastUpgradeCheck = 1320;
				TargetAttributes = {
					A5BB59CD277CA66F0058240E = {
						CreatedOnToolsVersion = 13.2.1;
					};
					A5BB59E3277CA6700058240E = {
						CreatedOnToolsVersion = 13.2.1;
						TestTargetID = A5BB59CD277CA66F0058240E;
					};
					A5BB59ED277CA6700058240E = {
						CreatedOnToolsVersion = 13.2.1;
						LastSwiftMigration = 1320;
						TestTargetID = A5BB59CD277CA66F0058240E;
					};
				};
			};
			buildConfigurationList = A5BB59C9277CA66F0058240E /* Build configuration list for PBXProject "MyPlanner" */;
			compatibilityVersion = "Xcode 13.0";
			developmentRegion = en;
			hasScannedForEncodings = 0;
			knownRegions = (
				en,
				Base,
			);
			mainGroup = A5BB59C5277CA66F0058240E;
			productRefGroup = A5BB59CF277CA66F0058240E /* Products */;
			projectDirPath = "";
			projectRoot = "";
			targets = (
				A5BB59CD277CA66F0058240E /* MyPlanner */,
				A5BB59E3277CA6700058240E /* MyPlannerTests */,
				A5BB59ED277CA6700058240E /* MyPlannerUITests */,
			);
		};
/* End PBXProject section */

/* Begin PBXResourcesBuildPhase section */
		A5BB59CC277CA66F0058240E /* Resources */ = {
			isa = PBXResourcesBuildPhase;
			buildActionMask = 2147483647;
			files = (
				A5BB59DE277CA6700058240E /* LaunchScreen.storyboard in Resources */,
				A5BB59DB277CA6700058240E /* Assets.xcassets in Resources */,
			);
			runOnlyForDeploymentPostprocessing = 0;
		};
		A5BB59E2277CA6700058240E /* Resources */ = {
			isa = PBXResourcesBuildPhase;
			buildActionMask = 2147483647;
			files = (
			);
			runOnlyForDeploymentPostprocessing = 0;
		};
		A5BB59EC277CA6700058240E /* Resources */ = {
			isa = PBXResourcesBuildPhase;
			buildActionMask = 2147483647;
			files = (
			);
			runOnlyForDeploymentPostprocessing = 0;
		};
/* End PBXResourcesBuildPhase section */

/* Begin PBXShellScriptBuildPhase section */
		18408EBC09E10A3CBA704509 /* [CP] Embed Pods Frameworks */ = {
			isa = PBXShellScriptBuildPhase;
			buildActionMask = 2147483647;
			files = (
			);
			inputFileListPaths = (
				"${PODS_ROOT}/Target Support Files/Pods-MyPlanner-MyPlannerUITests/Pods-MyPlanner-MyPlannerUITests-frameworks-${CONFIGURATION}-input-files.xcfilelist",
			);
			name = "[CP] Embed Pods Frameworks";
			outputFileListPaths = (
				"${PODS_ROOT}/Target Support Files/Pods-MyPlanner-MyPlannerUITests/Pods-MyPlanner-MyPlannerUITests-frameworks-${CONFIGURATION}-output-files.xcfilelist",
			);
			runOnlyForDeploymentPostprocessing = 0;
			shellPath = /bin/sh;
			shellScript = "\"${PODS_ROOT}/Target Support Files/Pods-MyPlanner-MyPlannerUITests/Pods-MyPlanner-MyPlannerUITests-frameworks.sh\"\n";
			showEnvVarsInLog = 0;
		};
		2F80AAE1154BF971184ECF0F /* [CP] Check Pods Manifest.lock */ = {
			isa = PBXShellScriptBuildPhase;
			buildActionMask = 2147483647;
			files = (
			);
			inputFileListPaths = (
			);
			inputPaths = (
				"${PODS_PODFILE_DIR_PATH}/Podfile.lock",
				"${PODS_ROOT}/Manifest.lock",
			);
			name = "[CP] Check Pods Manifest.lock";
			outputFileListPaths = (
			);
			outputPaths = (
				"$(DERIVED_FILE_DIR)/Pods-MyPlannerTests-checkManifestLockResult.txt",
			);
			runOnlyForDeploymentPostprocessing = 0;
			shellPath = /bin/sh;
			shellScript = "diff \"${PODS_PODFILE_DIR_PATH}/Podfile.lock\" \"${PODS_ROOT}/Manifest.lock\" > /dev/null\nif [ $? != 0 ] ; then\n    # print error to STDERR\n    echo \"error: The sandbox is not in sync with the Podfile.lock. Run 'pod install' or update your CocoaPods installation.\" >&2\n    exit 1\nfi\n# This output is used by Xcode 'outputs' to avoid re-running this script phase.\necho \"SUCCESS\" > \"${SCRIPT_OUTPUT_FILE_0}\"\n";
			showEnvVarsInLog = 0;
		};
		70F06B13CF4E4F7030EF5A15 /* [CP] Embed Pods Frameworks */ = {
			isa = PBXShellScriptBuildPhase;
			buildActionMask = 2147483647;
			files = (
			);
			inputFileListPaths = (
				"${PODS_ROOT}/Target Support Files/Pods-MyPlannerTests/Pods-MyPlannerTests-frameworks-${CONFIGURATION}-input-files.xcfilelist",
			);
			name = "[CP] Embed Pods Frameworks";
			outputFileListPaths = (
				"${PODS_ROOT}/Target Support Files/Pods-MyPlannerTests/Pods-MyPlannerTests-frameworks-${CONFIGURATION}-output-files.xcfilelist",
			);
			runOnlyForDeploymentPostprocessing = 0;
			shellPath = /bin/sh;
			shellScript = "\"${PODS_ROOT}/Target Support Files/Pods-MyPlannerTests/Pods-MyPlannerTests-frameworks.sh\"\n";
			showEnvVarsInLog = 0;
		};
		85E4BC3C045213EA2DE19011 /* [CP] Check Pods Manifest.lock */ = {
			isa = PBXShellScriptBuildPhase;
			buildActionMask = 2147483647;
			files = (
			);
			inputFileListPaths = (
			);
			inputPaths = (
				"${PODS_PODFILE_DIR_PATH}/Podfile.lock",
				"${PODS_ROOT}/Manifest.lock",
			);
			name = "[CP] Check Pods Manifest.lock";
			outputFileListPaths = (
			);
			outputPaths = (
				"$(DERIVED_FILE_DIR)/Pods-MyPlanner-MyPlannerUITests-checkManifestLockResult.txt",
			);
			runOnlyForDeploymentPostprocessing = 0;
			shellPath = /bin/sh;
			shellScript = "diff \"${PODS_PODFILE_DIR_PATH}/Podfile.lock\" \"${PODS_ROOT}/Manifest.lock\" > /dev/null\nif [ $? != 0 ] ; then\n    # print error to STDERR\n    echo \"error: The sandbox is not in sync with the Podfile.lock. Run 'pod install' or update your CocoaPods installation.\" >&2\n    exit 1\nfi\n# This output is used by Xcode 'outputs' to avoid re-running this script phase.\necho \"SUCCESS\" > \"${SCRIPT_OUTPUT_FILE_0}\"\n";
			showEnvVarsInLog = 0;
		};
		BCC16DFC17A161EF2217ECE0 /* [CP] Check Pods Manifest.lock */ = {
			isa = PBXShellScriptBuildPhase;
			buildActionMask = 2147483647;
			files = (
			);
			inputFileListPaths = (
			);
			inputPaths = (
				"${PODS_PODFILE_DIR_PATH}/Podfile.lock",
				"${PODS_ROOT}/Manifest.lock",
			);
			name = "[CP] Check Pods Manifest.lock";
			outputFileListPaths = (
			);
			outputPaths = (
				"$(DERIVED_FILE_DIR)/Pods-MyPlanner-checkManifestLockResult.txt",
			);
			runOnlyForDeploymentPostprocessing = 0;
			shellPath = /bin/sh;
			shellScript = "diff \"${PODS_PODFILE_DIR_PATH}/Podfile.lock\" \"${PODS_ROOT}/Manifest.lock\" > /dev/null\nif [ $? != 0 ] ; then\n    # print error to STDERR\n    echo \"error: The sandbox is not in sync with the Podfile.lock. Run 'pod install' or update your CocoaPods installation.\" >&2\n    exit 1\nfi\n# This output is used by Xcode 'outputs' to avoid re-running this script phase.\necho \"SUCCESS\" > \"${SCRIPT_OUTPUT_FILE_0}\"\n";
			showEnvVarsInLog = 0;
		};
		FF0C330CFE787639F7D07684 /* [CP] Embed Pods Frameworks */ = {
			isa = PBXShellScriptBuildPhase;
			buildActionMask = 2147483647;
			files = (
			);
			inputFileListPaths = (
				"${PODS_ROOT}/Target Support Files/Pods-MyPlanner/Pods-MyPlanner-frameworks-${CONFIGURATION}-input-files.xcfilelist",
			);
			name = "[CP] Embed Pods Frameworks";
			outputFileListPaths = (
				"${PODS_ROOT}/Target Support Files/Pods-MyPlanner/Pods-MyPlanner-frameworks-${CONFIGURATION}-output-files.xcfilelist",
			);
			runOnlyForDeploymentPostprocessing = 0;
			shellPath = /bin/sh;
			shellScript = "\"${PODS_ROOT}/Target Support Files/Pods-MyPlanner/Pods-MyPlanner-frameworks.sh\"\n";
			showEnvVarsInLog = 0;
		};
/* End PBXShellScriptBuildPhase section */

/* Begin PBXSourcesBuildPhase section */
		A5BB59CA277CA66F0058240E /* Sources */ = {
			isa = PBXSourcesBuildPhase;
			buildActionMask = 2147483647;
			files = (
				A567EB82278C23A9005D3AD6 /* DefaultDeletePlanUseCase.swift in Sources */,
				A567EB83278C23A9005D3AD6 /* DeletePlanUseCase.swift in Sources */,
				A54C28E0277CACDE008D256C /* Plan.swift in Sources */,
				A51CBCAB278B1EEC007E44F9 /* ColorSelectorAction.swift in Sources */,
				A52682CB27880E0000009127 /* AddPlanViewModel.swift in Sources */,
				A54E15DB278748B900F108CD /* PaddingLabel.swift in Sources */,
				A5B802102784A58800E010BE /* WeekCalender.swift in Sources */,
				A579517B278F385200CDAFD7 /* SearchResultCell.swift in Sources */,
				A52950F1277E2DFB00334C56 /* PlanListViewModel.swift in Sources */,
				A5E4CB132782A1A300A05589 /* Color.swift in Sources */,
				A567EB76278C1BCB005D3AD6 /* ColorSelectorDelegate.swift in Sources */,
				A5795176278F342700CDAFD7 /* SearchPlanViewAction.swift in Sources */,
				A5B8020727848B0200E010BE /* DateSelectorViewController.swift in Sources */,
				A599BEC8277CB2DB005F5B1C /* RealmStorage.swift in Sources */,
				A52950CC277DDEC700334C56 /* DefaultPlanRepository.swift in Sources */,
				A5795174278F276600CDAFD7 /* SearchPlanViewModel.swift in Sources */,
				A54E15E22787534400F108CD /* UpdatePlanUseCase.swift in Sources */,
				A52620BC27856B2F008B4C6B /* DateCell.swift in Sources */,
				A599BED2277CB64C005F5B1C /* RealmPlan.swift in Sources */,
				A52950C3277DD81B00334C56 /* PlanDto.swift in Sources */,
				A5B8020C27848BB100E010BE /* DateSelector.swift in Sources */,
				A51CBCA2278ADE17007E44F9 /* ColorSelectorView.swift in Sources */,
				A52682C327880CE900009127 /* AddPlanViewController.swift in Sources */,
				A5795172278F275E00CDAFD7 /* SearchPlanView.swift in Sources */,
				A5BB59D6277CA66F0058240E /* PlanListViewController.swift in Sources */,
				A545A6012786C1E20057809A /* PlanListTableView.swift in Sources */,
				A52950D3277DEE1D00334C56 /* DefaultFetchPlanListUseCase.swift in Sources */,
				A5E4CB152782A1D900A05589 /* UIColor+Hex.swift in Sources */,
				A52950C6277DDB6500334C56 /* PlanDtoMapper.swift in Sources */,
				A51CBCA9278B1D8A007E44F9 /* ColorSelectorViewModel.swift in Sources */,
				A52950C8277DDB6D00334C56 /* DtoMapper.swift in Sources */,
				A52950D7277DF62200334C56 /* Date+DateComponent.swift in Sources */,
				A567EB7C278C2088005D3AD6 /* EditPlanView.swift in Sources */,
				A51CBC9C278ABF8B007E44F9 /* ToolbarTextField.swift in Sources */,
				A567EB7A278C2082005D3AD6 /* EditPlanViewController.swift in Sources */,
				A52950D1277DDFA300334C56 /* PlanRealmStorage.swift in Sources */,
				A52950CA277DDD6300334C56 /* PlanRepository.swift in Sources */,
				A51CBCA7278ADF0D007E44F9 /* ColorSelectableAction.swift in Sources */,
				A5CCFBAC27871BA1002C37EE /* PlanListCell.swift in Sources */,
				A5E4CB11278297E900A05589 /* DeclarativeView+ViewController.swift in Sources */,
				A599BED4277CB686005F5B1C /* Identifiable.swift in Sources */,
				A567EB7E278C208D005D3AD6 /* EditPlanViewModel.swift in Sources */,
				A5BB59D2277CA66F0058240E /* AppDelegate.swift in Sources */,
				A5E4CB0C27828F8500A05589 /* AddPlanUseCase.swift in Sources */,
				A5B01E242784541C000865BF /* PlanListViewAction.swift in Sources */,
				A5BD3ACB278DA4D20043B266 /* DefaultPlanNotificationCenter.swift in Sources */,
				A52682C727880D6E00009127 /* AddPlanView.swift in Sources */,
				A5B01E2027844B4C000865BF /* PlanListTitleBar.swift in Sources */,
				A5BB59D4277CA66F0058240E /* SceneDelegate.swift in Sources */,
				A54E15E02787533E00F108CD /* DefaultUpdatePlanUseCase.swift in Sources */,
				A5E4CB0927828F1D00A05589 /* FetchPlanListUseCase.swift in Sources */,
				A51CBCA0278AD406007E44F9 /* DatePickerField.swift in Sources */,
				A51CBCAD278B2ABE007E44F9 /* ColorCell.swift in Sources */,
				A52950CE277DDEF700334C56 /* Storage.swift in Sources */,
				A5E4CB172782A4BE00A05589 /* DependencyContainer.swift in Sources */,
				A51CBCA5278ADE38007E44F9 /* ColorSelectorViewController.swift in Sources */,
				A5BD3AC9278DA4960043B266 /* PlanNotificationCenter.swift in Sources */,
				A52950E0277E0FBC00334C56 /* DefaultAddPlanUseCase.swift in Sources */,
				A52950E5277E173C00334C56 /* PlanListView.swift in Sources */,
				A5795170278F275700CDAFD7 /* SearchPlanViewController.swift in Sources */,
				A5FA96BC278C40F0003A353C /* ColorSelectorDataSource.swift in Sources */,
				A5795178278F382C00CDAFD7 /* SearchPlanTableView.swift in Sources */,
				A5B8020927848B4200E010BE /* DateSelectorDelegate.swift in Sources */,
			);
			runOnlyForDeploymentPostprocessing = 0;
		};
		A5BB59E0277CA6700058240E /* Sources */ = {
			isa = PBXSourcesBuildPhase;
			buildActionMask = 2147483647;
			files = (
				A599BEF1277CC661005F5B1C /* Plan+Stub.swift in Sources */,
				A564ED182782074300972349 /* PlanListViewModelTests.swift in Sources */,
				A52950D9277DF89000334C56 /* PlanRepositoryTests.swift in Sources */,
				A57475FE278D4695009FB281 /* AddPlanViewModelTests.swift in Sources */,
				A52950E3277E118900334C56 /* FetchPlanListByDateUseCaseTests.swift in Sources */,
				A52950D5277DF1D100334C56 /* RealmStorageTests.swift in Sources */,
				A5B8020E278497A800E010BE /* Date+DateComponentTests.swift in Sources */,
				A52950DC277DFB9E00334C56 /* XCTestCase.swift in Sources */,
				A5BB59E9277CA6700058240E /* MyPlannerTests.swift in Sources */,
			);
			runOnlyForDeploymentPostprocessing = 0;
		};
		A5BB59EA277CA6700058240E /* Sources */ = {
			isa = PBXSourcesBuildPhase;
			buildActionMask = 2147483647;
			files = (
				A52950DE277DFEA600334C56 /* MyPlannerUITests.swift in Sources */,
			);
			runOnlyForDeploymentPostprocessing = 0;
		};
/* End PBXSourcesBuildPhase section */

/* Begin PBXTargetDependency section */
		A5BB59E6277CA6700058240E /* PBXTargetDependency */ = {
			isa = PBXTargetDependency;
			target = A5BB59CD277CA66F0058240E /* MyPlanner */;
			targetProxy = A5BB59E5277CA6700058240E /* PBXContainerItemProxy */;
		};
		A5BB59F0277CA6700058240E /* PBXTargetDependency */ = {
			isa = PBXTargetDependency;
			target = A5BB59CD277CA66F0058240E /* MyPlanner */;
			targetProxy = A5BB59EF277CA6700058240E /* PBXContainerItemProxy */;
		};
/* End PBXTargetDependency section */

/* Begin PBXVariantGroup section */
		A5BB59DC277CA6700058240E /* LaunchScreen.storyboard */ = {
			isa = PBXVariantGroup;
			children = (
				A5BB59DD277CA6700058240E /* Base */,
			);
			name = LaunchScreen.storyboard;
			sourceTree = "<group>";
		};
/* End PBXVariantGroup section */

/* Begin XCBuildConfiguration section */
		A5BB59F6277CA6700058240E /* Debug */ = {
			isa = XCBuildConfiguration;
			buildSettings = {
				ALWAYS_SEARCH_USER_PATHS = NO;
				CLANG_ANALYZER_NONNULL = YES;
				CLANG_ANALYZER_NUMBER_OBJECT_CONVERSION = YES_AGGRESSIVE;
				CLANG_CXX_LANGUAGE_STANDARD = "gnu++17";
				CLANG_CXX_LIBRARY = "libc++";
				CLANG_ENABLE_MODULES = YES;
				CLANG_ENABLE_OBJC_ARC = YES;
				CLANG_ENABLE_OBJC_WEAK = YES;
				CLANG_WARN_BLOCK_CAPTURE_AUTORELEASING = YES;
				CLANG_WARN_BOOL_CONVERSION = YES;
				CLANG_WARN_COMMA = YES;
				CLANG_WARN_CONSTANT_CONVERSION = YES;
				CLANG_WARN_DEPRECATED_OBJC_IMPLEMENTATIONS = YES;
				CLANG_WARN_DIRECT_OBJC_ISA_USAGE = YES_ERROR;
				CLANG_WARN_DOCUMENTATION_COMMENTS = YES;
				CLANG_WARN_EMPTY_BODY = YES;
				CLANG_WARN_ENUM_CONVERSION = YES;
				CLANG_WARN_INFINITE_RECURSION = YES;
				CLANG_WARN_INT_CONVERSION = YES;
				CLANG_WARN_NON_LITERAL_NULL_CONVERSION = YES;
				CLANG_WARN_OBJC_IMPLICIT_RETAIN_SELF = YES;
				CLANG_WARN_OBJC_LITERAL_CONVERSION = YES;
				CLANG_WARN_OBJC_ROOT_CLASS = YES_ERROR;
				CLANG_WARN_QUOTED_INCLUDE_IN_FRAMEWORK_HEADER = YES;
				CLANG_WARN_RANGE_LOOP_ANALYSIS = YES;
				CLANG_WARN_STRICT_PROTOTYPES = YES;
				CLANG_WARN_SUSPICIOUS_MOVE = YES;
				CLANG_WARN_UNGUARDED_AVAILABILITY = YES_AGGRESSIVE;
				CLANG_WARN_UNREACHABLE_CODE = YES;
				CLANG_WARN__DUPLICATE_METHOD_MATCH = YES;
				COPY_PHASE_STRIP = NO;
				DEBUG_INFORMATION_FORMAT = dwarf;
				ENABLE_STRICT_OBJC_MSGSEND = YES;
				ENABLE_TESTABILITY = YES;
				GCC_C_LANGUAGE_STANDARD = gnu11;
				GCC_DYNAMIC_NO_PIC = NO;
				GCC_NO_COMMON_BLOCKS = YES;
				GCC_OPTIMIZATION_LEVEL = 0;
				GCC_PREPROCESSOR_DEFINITIONS = (
					"DEBUG=1",
					"$(inherited)",
				);
				GCC_WARN_64_TO_32_BIT_CONVERSION = YES;
				GCC_WARN_ABOUT_RETURN_TYPE = YES_ERROR;
				GCC_WARN_UNDECLARED_SELECTOR = YES;
				GCC_WARN_UNINITIALIZED_AUTOS = YES_AGGRESSIVE;
				GCC_WARN_UNUSED_FUNCTION = YES;
				GCC_WARN_UNUSED_VARIABLE = YES;
				IPHONEOS_DEPLOYMENT_TARGET = 15.0;
				MTL_ENABLE_DEBUG_INFO = INCLUDE_SOURCE;
				MTL_FAST_MATH = YES;
				ONLY_ACTIVE_ARCH = YES;
				SDKROOT = iphoneos;
				SWIFT_ACTIVE_COMPILATION_CONDITIONS = DEBUG;
				SWIFT_OPTIMIZATION_LEVEL = "-Onone";
			};
			name = Debug;
		};
		A5BB59F7277CA6700058240E /* Release */ = {
			isa = XCBuildConfiguration;
			buildSettings = {
				ALWAYS_SEARCH_USER_PATHS = NO;
				CLANG_ANALYZER_NONNULL = YES;
				CLANG_ANALYZER_NUMBER_OBJECT_CONVERSION = YES_AGGRESSIVE;
				CLANG_CXX_LANGUAGE_STANDARD = "gnu++17";
				CLANG_CXX_LIBRARY = "libc++";
				CLANG_ENABLE_MODULES = YES;
				CLANG_ENABLE_OBJC_ARC = YES;
				CLANG_ENABLE_OBJC_WEAK = YES;
				CLANG_WARN_BLOCK_CAPTURE_AUTORELEASING = YES;
				CLANG_WARN_BOOL_CONVERSION = YES;
				CLANG_WARN_COMMA = YES;
				CLANG_WARN_CONSTANT_CONVERSION = YES;
				CLANG_WARN_DEPRECATED_OBJC_IMPLEMENTATIONS = YES;
				CLANG_WARN_DIRECT_OBJC_ISA_USAGE = YES_ERROR;
				CLANG_WARN_DOCUMENTATION_COMMENTS = YES;
				CLANG_WARN_EMPTY_BODY = YES;
				CLANG_WARN_ENUM_CONVERSION = YES;
				CLANG_WARN_INFINITE_RECURSION = YES;
				CLANG_WARN_INT_CONVERSION = YES;
				CLANG_WARN_NON_LITERAL_NULL_CONVERSION = YES;
				CLANG_WARN_OBJC_IMPLICIT_RETAIN_SELF = YES;
				CLANG_WARN_OBJC_LITERAL_CONVERSION = YES;
				CLANG_WARN_OBJC_ROOT_CLASS = YES_ERROR;
				CLANG_WARN_QUOTED_INCLUDE_IN_FRAMEWORK_HEADER = YES;
				CLANG_WARN_RANGE_LOOP_ANALYSIS = YES;
				CLANG_WARN_STRICT_PROTOTYPES = YES;
				CLANG_WARN_SUSPICIOUS_MOVE = YES;
				CLANG_WARN_UNGUARDED_AVAILABILITY = YES_AGGRESSIVE;
				CLANG_WARN_UNREACHABLE_CODE = YES;
				CLANG_WARN__DUPLICATE_METHOD_MATCH = YES;
				COPY_PHASE_STRIP = NO;
				DEBUG_INFORMATION_FORMAT = "dwarf-with-dsym";
				ENABLE_NS_ASSERTIONS = NO;
				ENABLE_STRICT_OBJC_MSGSEND = YES;
				GCC_C_LANGUAGE_STANDARD = gnu11;
				GCC_NO_COMMON_BLOCKS = YES;
				GCC_WARN_64_TO_32_BIT_CONVERSION = YES;
				GCC_WARN_ABOUT_RETURN_TYPE = YES_ERROR;
				GCC_WARN_UNDECLARED_SELECTOR = YES;
				GCC_WARN_UNINITIALIZED_AUTOS = YES_AGGRESSIVE;
				GCC_WARN_UNUSED_FUNCTION = YES;
				GCC_WARN_UNUSED_VARIABLE = YES;
				IPHONEOS_DEPLOYMENT_TARGET = 15.0;
				MTL_ENABLE_DEBUG_INFO = NO;
				MTL_FAST_MATH = YES;
				SDKROOT = iphoneos;
				SWIFT_COMPILATION_MODE = wholemodule;
				SWIFT_OPTIMIZATION_LEVEL = "-O";
				VALIDATE_PRODUCT = YES;
			};
			name = Release;
		};
		A5BB59F9277CA6700058240E /* Debug */ = {
			isa = XCBuildConfiguration;
			baseConfigurationReference = 79C1A4333318B40E891BDCA9 /* Pods-MyPlanner.debug.xcconfig */;
			buildSettings = {
				ALWAYS_EMBED_SWIFT_STANDARD_LIBRARIES = "$(inherited)";
				ASSETCATALOG_COMPILER_APPICON_NAME = AppIcon;
				ASSETCATALOG_COMPILER_GLOBAL_ACCENT_COLOR_NAME = AccentColor;
				CODE_SIGN_IDENTITY = "Apple Development";
				CODE_SIGN_STYLE = Automatic;
				CURRENT_PROJECT_VERSION = 1;
				DEVELOPMENT_TEAM = GTB6BR222W;
				GENERATE_INFOPLIST_FILE = YES;
				INFOPLIST_FILE = MyPlanner/Info.plist;
				INFOPLIST_KEY_UIApplicationSupportsIndirectInputEvents = YES;
				INFOPLIST_KEY_UILaunchStoryboardName = LaunchScreen;
				INFOPLIST_KEY_UISupportedInterfaceOrientations_iPad = "UIInterfaceOrientationPortrait UIInterfaceOrientationPortraitUpsideDown UIInterfaceOrientationLandscapeLeft UIInterfaceOrientationLandscapeRight";
				INFOPLIST_KEY_UISupportedInterfaceOrientations_iPhone = "UIInterfaceOrientationPortrait UIInterfaceOrientationLandscapeLeft UIInterfaceOrientationLandscapeRight";
				INFOPLIST_KEY_UIUserInterfaceStyle = Light;
				LD_RUNPATH_SEARCH_PATHS = (
					"$(inherited)",
					"@executable_path/Frameworks",
				);
				MARKETING_VERSION = 1.0;
				PRODUCT_BUNDLE_IDENTIFIER = com.Harry.MyPlanner;
				PRODUCT_NAME = "$(TARGET_NAME)";
				PROVISIONING_PROFILE_SPECIFIER = "";
				SWIFT_EMIT_LOC_STRINGS = YES;
				SWIFT_VERSION = 5.0;
				TARGETED_DEVICE_FAMILY = "1,2";
			};
			name = Debug;
		};
		A5BB59FA277CA6700058240E /* Release */ = {
			isa = XCBuildConfiguration;
			baseConfigurationReference = DB252648AC3E634C9BA6EDA1 /* Pods-MyPlanner.release.xcconfig */;
			buildSettings = {
				ALWAYS_EMBED_SWIFT_STANDARD_LIBRARIES = "$(inherited)";
				ASSETCATALOG_COMPILER_APPICON_NAME = AppIcon;
				ASSETCATALOG_COMPILER_GLOBAL_ACCENT_COLOR_NAME = AccentColor;
				CODE_SIGN_IDENTITY = "Apple Development";
				CODE_SIGN_STYLE = Automatic;
				CURRENT_PROJECT_VERSION = 1;
				DEVELOPMENT_TEAM = GTB6BR222W;
				GENERATE_INFOPLIST_FILE = YES;
				INFOPLIST_FILE = MyPlanner/Info.plist;
				INFOPLIST_KEY_UIApplicationSupportsIndirectInputEvents = YES;
				INFOPLIST_KEY_UILaunchStoryboardName = LaunchScreen;
				INFOPLIST_KEY_UISupportedInterfaceOrientations_iPad = "UIInterfaceOrientationPortrait UIInterfaceOrientationPortraitUpsideDown UIInterfaceOrientationLandscapeLeft UIInterfaceOrientationLandscapeRight";
				INFOPLIST_KEY_UISupportedInterfaceOrientations_iPhone = "UIInterfaceOrientationPortrait UIInterfaceOrientationLandscapeLeft UIInterfaceOrientationLandscapeRight";
				INFOPLIST_KEY_UIUserInterfaceStyle = Light;
				LD_RUNPATH_SEARCH_PATHS = (
					"$(inherited)",
					"@executable_path/Frameworks",
				);
				MARKETING_VERSION = 1.0;
				PRODUCT_BUNDLE_IDENTIFIER = com.Harry.MyPlanner;
				PRODUCT_NAME = "$(TARGET_NAME)";
				PROVISIONING_PROFILE_SPECIFIER = "";
				SWIFT_EMIT_LOC_STRINGS = YES;
				SWIFT_VERSION = 5.0;
				TARGETED_DEVICE_FAMILY = "1,2";
			};
			name = Release;
		};
		A5BB59FC277CA6700058240E /* Debug */ = {
			isa = XCBuildConfiguration;
			baseConfigurationReference = 7615D13079F9EFF8943330EA /* Pods-MyPlannerTests.debug.xcconfig */;
			buildSettings = {
				ALWAYS_EMBED_SWIFT_STANDARD_LIBRARIES = "$(inherited)";
				BUNDLE_LOADER = "$(TEST_HOST)";
				CODE_SIGN_STYLE = Automatic;
				CURRENT_PROJECT_VERSION = 1;
				DEVELOPMENT_TEAM = GTB6BR222W;
				GENERATE_INFOPLIST_FILE = YES;
				IPHONEOS_DEPLOYMENT_TARGET = 15.0;
				MARKETING_VERSION = 1.0;
				PRODUCT_BUNDLE_IDENTIFIER = com.Harry.MyPlannerTests;
				PRODUCT_NAME = "$(TARGET_NAME)";
				SWIFT_EMIT_LOC_STRINGS = NO;
				SWIFT_VERSION = 5.0;
				TARGETED_DEVICE_FAMILY = "1,2";
				TEST_HOST = "$(BUILT_PRODUCTS_DIR)/MyPlanner.app/MyPlanner";
			};
			name = Debug;
		};
		A5BB59FD277CA6700058240E /* Release */ = {
			isa = XCBuildConfiguration;
			baseConfigurationReference = 705A68EC8FDB65DED3EAB58B /* Pods-MyPlannerTests.release.xcconfig */;
			buildSettings = {
				ALWAYS_EMBED_SWIFT_STANDARD_LIBRARIES = "$(inherited)";
				BUNDLE_LOADER = "$(TEST_HOST)";
				CODE_SIGN_STYLE = Automatic;
				CURRENT_PROJECT_VERSION = 1;
				DEVELOPMENT_TEAM = GTB6BR222W;
				GENERATE_INFOPLIST_FILE = YES;
				IPHONEOS_DEPLOYMENT_TARGET = 15.0;
				MARKETING_VERSION = 1.0;
				PRODUCT_BUNDLE_IDENTIFIER = com.Harry.MyPlannerTests;
				PRODUCT_NAME = "$(TARGET_NAME)";
				SWIFT_EMIT_LOC_STRINGS = NO;
				SWIFT_VERSION = 5.0;
				TARGETED_DEVICE_FAMILY = "1,2";
				TEST_HOST = "$(BUILT_PRODUCTS_DIR)/MyPlanner.app/MyPlanner";
			};
			name = Release;
		};
		A5BB59FF277CA6700058240E /* Debug */ = {
			isa = XCBuildConfiguration;
			baseConfigurationReference = 7E7A5910B98A62F4A4E070FF /* Pods-MyPlanner-MyPlannerUITests.debug.xcconfig */;
			buildSettings = {
				ALWAYS_EMBED_SWIFT_STANDARD_LIBRARIES = "$(inherited)";
				CLANG_ENABLE_MODULES = YES;
				CODE_SIGN_STYLE = Automatic;
				CURRENT_PROJECT_VERSION = 1;
				DEVELOPMENT_TEAM = GTB6BR222W;
				GENERATE_INFOPLIST_FILE = YES;
				IPHONEOS_DEPLOYMENT_TARGET = 15.0;
				LD_RUNPATH_SEARCH_PATHS = (
					"$(inherited)",
					"@executable_path/Frameworks",
					"@loader_path/Frameworks",
				);
				MARKETING_VERSION = 1.0;
				PRODUCT_BUNDLE_IDENTIFIER = com.Harry.MyPlannerUITests;
				PRODUCT_NAME = "$(TARGET_NAME)";
				SWIFT_EMIT_LOC_STRINGS = NO;
				SWIFT_OPTIMIZATION_LEVEL = "-Onone";
				SWIFT_VERSION = 5.0;
				TARGETED_DEVICE_FAMILY = "1,2";
				TEST_TARGET_NAME = MyPlanner;
			};
			name = Debug;
		};
		A5BB5A00277CA6700058240E /* Release */ = {
			isa = XCBuildConfiguration;
			baseConfigurationReference = 253D431C781A5D0E58C6749A /* Pods-MyPlanner-MyPlannerUITests.release.xcconfig */;
			buildSettings = {
				ALWAYS_EMBED_SWIFT_STANDARD_LIBRARIES = "$(inherited)";
				CLANG_ENABLE_MODULES = YES;
				CODE_SIGN_STYLE = Automatic;
				CURRENT_PROJECT_VERSION = 1;
				DEVELOPMENT_TEAM = GTB6BR222W;
				GENERATE_INFOPLIST_FILE = YES;
				IPHONEOS_DEPLOYMENT_TARGET = 15.0;
				LD_RUNPATH_SEARCH_PATHS = (
					"$(inherited)",
					"@executable_path/Frameworks",
					"@loader_path/Frameworks",
				);
				MARKETING_VERSION = 1.0;
				PRODUCT_BUNDLE_IDENTIFIER = com.Harry.MyPlannerUITests;
				PRODUCT_NAME = "$(TARGET_NAME)";
				SWIFT_EMIT_LOC_STRINGS = NO;
				SWIFT_VERSION = 5.0;
				TARGETED_DEVICE_FAMILY = "1,2";
				TEST_TARGET_NAME = MyPlanner;
			};
			name = Release;
		};
/* End XCBuildConfiguration section */

/* Begin XCConfigurationList section */
		A5BB59C9277CA66F0058240E /* Build configuration list for PBXProject "MyPlanner" */ = {
			isa = XCConfigurationList;
			buildConfigurations = (
				A5BB59F6277CA6700058240E /* Debug */,
				A5BB59F7277CA6700058240E /* Release */,
			);
			defaultConfigurationIsVisible = 0;
			defaultConfigurationName = Release;
		};
		A5BB59F8277CA6700058240E /* Build configuration list for PBXNativeTarget "MyPlanner" */ = {
			isa = XCConfigurationList;
			buildConfigurations = (
				A5BB59F9277CA6700058240E /* Debug */,
				A5BB59FA277CA6700058240E /* Release */,
			);
			defaultConfigurationIsVisible = 0;
			defaultConfigurationName = Release;
		};
		A5BB59FB277CA6700058240E /* Build configuration list for PBXNativeTarget "MyPlannerTests" */ = {
			isa = XCConfigurationList;
			buildConfigurations = (
				A5BB59FC277CA6700058240E /* Debug */,
				A5BB59FD277CA6700058240E /* Release */,
			);
			defaultConfigurationIsVisible = 0;
			defaultConfigurationName = Release;
		};
		A5BB59FE277CA6700058240E /* Build configuration list for PBXNativeTarget "MyPlannerUITests" */ = {
			isa = XCConfigurationList;
			buildConfigurations = (
				A5BB59FF277CA6700058240E /* Debug */,
				A5BB5A00277CA6700058240E /* Release */,
			);
			defaultConfigurationIsVisible = 0;
			defaultConfigurationName = Release;
		};
/* End XCConfigurationList section */
	};
	rootObject = A5BB59C6277CA66F0058240E /* Project object */;
}
